Microsoft Visual Studio Solution File, Format Version 12.00
# Visual Studio Version 17
VisualStudioVersion = 17.5.2.0
MinimumVisualStudioVersion = 10.0.40219.1
Project("{FAE04EC0-301F-11D3-BF4B-00C04F79EFBC}") = "RFID_API", "RFID_API\RFID_API.csproj", "{297C2735-04F5-434D-1BFC-8A1E00788811}"
EndProject
Project("{2150E333-8FDC-42A3-9474-1A3956D46DE8}") = "rfid_sistemas", "rfid_sistemas", "{937DEE1F-AB45-6AA7-526B-74DD809447F8}"
EndProject
Project("{FAE04EC0-301F-11D3-BF4B-00C04F79EFBC}") = "RFID_API", "rfid_sistemas\RFID_API\RFID_API.csproj", "{E6F5D6C1-7038-F8A2-FF6C-D6A6D2C5B4CA}"
EndProject
Global
	GlobalSection(SolutionConfigurationPlatforms) = preSolution
		Debug|Any CPU = Debug|Any CPU
		Release|Any CPU = Release|Any CPU
	EndGlobalSection
	GlobalSection(ProjectConfigurationPlatforms) = postSolution
		{297C2735-04F5-434D-1BFC-8A1E00788811}.Debug|Any CPU.ActiveCfg = Debug|Any CPU
		{297C2735-04F5-434D-1BFC-8A1E00788811}.Debug|Any CPU.Build.0 = Debug|Any CPU
		{297C2735-04F5-434D-1BFC-8A1E00788811}.Release|Any CPU.ActiveCfg = Release|Any CPU
		{297C2735-04F5-434D-1BFC-8A1E00788811}.Release|Any CPU.Build.0 = Release|Any CPU
		{E6F5D6C1-7038-F8A2-FF6C-D6A6D2C5B4CA}.Debug|Any CPU.ActiveCfg = Debug|Any CPU
		{E6F5D6C1-7038-F8A2-FF6C-D6A6D2C5B4CA}.Debug|Any CPU.Build.0 = Debug|Any CPU
		{E6F5D6C1-7038-F8A2-FF6C-D6A6D2C5B4CA}.Release|Any CPU.ActiveCfg = Release|Any CPU
		{E6F5D6C1-7038-F8A2-FF6C-D6A6D2C5B4CA}.Release|Any CPU.Build.0 = Release|Any CPU
	EndGlobalSection
	GlobalSection(SolutionProperties) = preSolution
		HideSolutionNode = FALSE
	EndGlobalSection
	GlobalSection(NestedProjects) = preSolution
		{E6F5D6C1-7038-F8A2-FF6C-D6A6D2C5B4CA} = {937DEE1F-AB45-6AA7-526B-74DD809447F8}
	EndGlobalSection
	GlobalSection(ExtensibilityGlobals) = postSolution
		SolutionGuid = {96F8F0DA-2F91-409D-A02F-0C630447969D}
	EndGlobalSection
EndGlobal
